// !$*UTF8*$!
{
	archiveVersion = 1;
	classes = {
	};
	objectVersion = 42;
	objects = {

/* Begin PBXBuildFile section */
		280081F90A5E948800A5D67E /* INTConstitution.m in Sources */ = {isa = PBXBuildFile; fileRef = 280081F80A5E948800A5D67E /* INTConstitution.m */; };
		280082170A5E9ADF00A5D67E /* INTLibrary.m in Sources */ = {isa = PBXBuildFile; fileRef = 280082160A5E9ADF00A5D67E /* INTLibrary.m */; };
		280082410A5EA11F00A5D67E /* INTEntry.m in Sources */ = {isa = PBXBuildFile; fileRef = 280082400A5EA11F00A5D67E /* INTEntry.m */; };
		280082BD0A5EB4DB00A5D67E /* INTShared.m in Sources */ = {isa = PBXBuildFile; fileRef = 280082BC0A5EB4DB00A5D67E /* INTShared.m */; };
		280083A60A5ECA1300A5D67E /* INTAnnotatedPrinciple.m in Sources */ = {isa = PBXBuildFile; fileRef = 280083A50A5ECA1300A5D67E /* INTAnnotatedPrinciple.m */; };
		2801824A0A5FB656007288D3 /* Entries.nib in Resources */ = {isa = PBXBuildFile; fileRef = 280182480A5FB656007288D3 /* Entries.nib */; };
		2801827C0A5FBAC9007288D3 /* INTEntriesController.m in Sources */ = {isa = PBXBuildFile; fileRef = 2801827B0A5FBAC9007288D3 /* INTEntriesController.m */; };
		282DD9B90A7397D3009E2AFB /* INTInspectorController.m in Sources */ = {isa = PBXBuildFile; fileRef = 282DD9B80A7397D3009E2AFB /* INTInspectorController.m */; };
		282DD9D40A7398CA009E2AFB /* Inspector.nib in Resources */ = {isa = PBXBuildFile; fileRef = 282DD9D20A7398CA009E2AFB /* Inspector.nib */; };
		282DDA2D0A73A79D009E2AFB /* INTActiveControlEnumerator.m in Sources */ = {isa = PBXBuildFile; fileRef = 282DDA2C0A73A79D009E2AFB /* INTActiveControlEnumerator.m */; };
		282E913B0A5C1002008EDF1F /* INTConstitutionsController.m in Sources */ = {isa = PBXBuildFile; fileRef = 282E913A0A5C1002008EDF1F /* INTConstitutionsController.m */; };
		282E91810A5C169F008EDF1F /* Localizable.strings in Resources */ = {isa = PBXBuildFile; fileRef = 282E917F0A5C169F008EDF1F /* Localizable.strings */; };
		282E92FC0A5E5806008EDF1F /* INTPrinciple.m in Sources */ = {isa = PBXBuildFile; fileRef = 282E92FB0A5E5806008EDF1F /* INTPrinciple.m */; };
		28469F490B19ECBC00F40F8D /* INTAppController+INTBackupQuickPick.m in Sources */ = {isa = PBXBuildFile; fileRef = 28469F480B19ECBC00F40F8D /* INTAppController+INTBackupQuickPick.m */; };
		28469F950B19F1F300F40F8D /* org.playhaus.Introspectare.quickpick in Resources */ = {isa = PBXBuildFile; fileRef = 28469F2A0B19EB0200F40F8D /* org.playhaus.Introspectare.quickpick */; };
		284819C30B17567000EEAD7A /* INTEntriesHeaderCell.m in Sources */ = {isa = PBXBuildFile; fileRef = 284819C20B17567000EEAD7A /* INTEntriesHeaderCell.m */; };
		28574ADE0B1C636C0045FCF4 /* Schema.plist in Resources */ = {isa = PBXBuildFile; fileRef = 28574AD50B1C63510045FCF4 /* Schema.plist */; };
		28574ADF0B1C636C0045FCF4 /* Schema.strings in Resources */ = {isa = PBXBuildFile; fileRef = 28574AD20B1C63510045FCF4 /* Schema.strings */; };
		28574AE40B1C63850045FCF4 /* Foundation.framework in Frameworks */ = {isa = PBXBuildFile; fileRef = 29B97325FDCFA39411CA2CEA /* Foundation.framework */; };
		28574AF00B1C639C0045FCF4 /* Introspectare.icns in Resources */ = {isa = PBXBuildFile; fileRef = 287031410A61607000A7F5A7 /* Introspectare.icns */; };
		28574AFD0B1C63E20045FCF4 /* Introspectare.syncschema in Resources */ = {isa = PBXBuildFile; fileRef = 28574ACB0B1C62F80045FCF4 /* Introspectare.syncschema */; };
		28574B540B1C6C330045FCF4 /* INTAppController+INTPersistence.m in Sources */ = {isa = PBXBuildFile; fileRef = 28574B530B1C6C330045FCF4 /* INTAppController+INTPersistence.m */; };
		28574B870B1C73070045FCF4 /* INTAppController.m in Sources */ = {isa = PBXBuildFile; fileRef = 28E65A2F0A5A926B00DE0C5A /* INTAppController.m */; };
		28574C250B1C84590045FCF4 /* ClientDescription.plist in Resources */ = {isa = PBXBuildFile; fileRef = 28574C240B1C84590045FCF4 /* ClientDescription.plist */; };
		28574CD30B1C99490045FCF4 /* INTAppController+INTSyncServices.m in Sources */ = {isa = PBXBuildFile; fileRef = 28574B390B1C69160045FCF4 /* INTAppController+INTSyncServices.m */; };
		28574D3E0B1CA4940045FCF4 /* SyncServices.framework in Frameworks */ = {isa = PBXBuildFile; fileRef = 28574D3D0B1CA4940045FCF4 /* SyncServices.framework */; };
		28574E260B1CC1120045FCF4 /* INTEntry+INTSyncServices.m in Sources */ = {isa = PBXBuildFile; fileRef = 28574E250B1CC1120045FCF4 /* INTEntry+INTSyncServices.m */; };
		28574E8F0B1CCA1C0045FCF4 /* INTAnnotatedPrinciple+INTSyncServices.m in Sources */ = {isa = PBXBuildFile; fileRef = 28574E8E0B1CCA1C0045FCF4 /* INTAnnotatedPrinciple+INTSyncServices.m */; };
		28574ECE0B1CCF9B0045FCF4 /* INTFlattening.m in Sources */ = {isa = PBXBuildFile; fileRef = 28574ECD0B1CCF9B0045FCF4 /* INTFlattening.m */; };
		285EE8620B11E795002F8B5A /* INTEntriesView.m in Sources */ = {isa = PBXBuildFile; fileRef = 285EE8610B11E795002F8B5A /* INTEntriesView.m */; };
		287031420A61607000A7F5A7 /* Introspectare.icns in Resources */ = {isa = PBXBuildFile; fileRef = 287031410A61607000A7F5A7 /* Introspectare.icns */; };
		288FC9BF0A75DF520044C951 /* INTCircleSwitchButtonCell.m in Sources */ = {isa = PBXBuildFile; fileRef = 288FC9BE0A75DF520044C951 /* INTCircleSwitchButtonCell.m */; };
		28B1BD120B1E29CE00053AFC /* INTApplication.m in Sources */ = {isa = PBXBuildFile; fileRef = 28B1BD110B1E29CE00053AFC /* INTApplication.m */; };
		28BFA0D00A5AD4510075D416 /* Constitutions.nib in Resources */ = {isa = PBXBuildFile; fileRef = 28BFA0CE0A5AD4510075D416 /* Constitutions.nib */; };
		28CEA7D50A5FCFBE0085ADA2 /* NSCalendarDate+INTAdditions.m in Sources */ = {isa = PBXBuildFile; fileRef = 28CEA7D40A5FCFBE0085ADA2 /* NSCalendarDate+INTAdditions.m */; };
		28D707F80B18A1B100727436 /* Unread.tiff in Resources */ = {isa = PBXBuildFile; fileRef = 28D707F70B18A1B100727436 /* Unread.tiff */; };
		28D7089F0B18B26500727436 /* NSIndexSet+INTAdditions.m in Sources */ = {isa = PBXBuildFile; fileRef = 28D7089E0B18B26500727436 /* NSIndexSet+INTAdditions.m */; };
		28DB60A50B15D4F200A3E81D /* INTEntriesCornerView.m in Sources */ = {isa = PBXBuildFile; fileRef = 28DB60A40B15D4F200A3E81D /* INTEntriesCornerView.m */; };
		28DB60AE0B15D56700A3E81D /* INTEntriesHeaderView.m in Sources */ = {isa = PBXBuildFile; fileRef = 28DB60AD0B15D56700A3E81D /* INTEntriesHeaderView.m */; };
		28E65A3F0A5A926B00DE0C5A /* main.m in Sources */ = {isa = PBXBuildFile; fileRef = 28E65A360A5A926B00DE0C5A /* main.m */; };
		28E65A400A5A926B00DE0C5A /* InfoPlist.strings in Resources */ = {isa = PBXBuildFile; fileRef = 28E65A380A5A926B00DE0C5A /* InfoPlist.strings */; };
		28E65A5E0A5A931E00DE0C5A /* MainMenu.nib in Resources */ = {isa = PBXBuildFile; fileRef = 28E65A3A0A5A926B00DE0C5A /* MainMenu.nib */; };
		28FDC16C0B1DCB17001EA54B /* Syncing.icns in Resources */ = {isa = PBXBuildFile; fileRef = 28FDC16B0B1DCB17001EA54B /* Syncing.icns */; };
		8D11072F0486CEB800E47090 /* Cocoa.framework in Frameworks */ = {isa = PBXBuildFile; fileRef = 1058C7A1FEA54F0111CA2CBB /* Cocoa.framework */; };
/* End PBXBuildFile section */

/* Begin PBXContainerItemProxy section */
		28574AFB0B1C63D90045FCF4 /* PBXContainerItemProxy */ = {
			isa = PBXContainerItemProxy;
			containerPortal = 29B97313FDCFA39411CA2CEA /* Project object */;
			proxyType = 1;
			remoteGlobalIDString = 28574ACA0B1C62F80045FCF4 /* Sync Schema */;
			remoteInfo = "Sync Schema";
		};
/* End PBXContainerItemProxy section */

/* Begin PBXFileReference section */
		1058C7A1FEA54F0111CA2CBB /* Cocoa.framework */ = {isa = PBXFileReference; lastKnownFileType = wrapper.framework; name = Cocoa.framework; path = /System/Library/Frameworks/Cocoa.framework; sourceTree = "<absolute>"; };
		280081F70A5E948800A5D67E /* INTConstitution.h */ = {isa = PBXFileReference; fileEncoding = 4; lastKnownFileType = sourcecode.c.h; path = INTConstitution.h; sourceTree = "<group>"; };
		280081F80A5E948800A5D67E /* INTConstitution.m */ = {isa = PBXFileReference; fileEncoding = 4; lastKnownFileType = sourcecode.c.objc; path = INTConstitution.m; sourceTree = "<group>"; };
		280082150A5E9ADF00A5D67E /* INTLibrary.h */ = {isa = PBXFileReference; fileEncoding = 4; lastKnownFileType = sourcecode.c.h; path = INTLibrary.h; sourceTree = "<group>"; };
		280082160A5E9ADF00A5D67E /* INTLibrary.m */ = {isa = PBXFileReference; fileEncoding = 4; lastKnownFileType = sourcecode.c.objc; path = INTLibrary.m; sourceTree = "<group>"; };
		2800823F0A5EA11F00A5D67E /* INTEntry.h */ = {isa = PBXFileReference; fileEncoding = 4; lastKnownFileType = sourcecode.c.h; path = INTEntry.h; sourceTree = "<group>"; };
		280082400A5EA11F00A5D67E /* INTEntry.m */ = {isa = PBXFileReference; fileEncoding = 4; lastKnownFileType = sourcecode.c.objc; path = INTEntry.m; sourceTree = "<group>"; };
		280082BB0A5EB4DB00A5D67E /* INTShared.h */ = {isa = PBXFileReference; fileEncoding = 4; lastKnownFileType = sourcecode.c.h; path = INTShared.h; sourceTree = "<group>"; };
		280082BC0A5EB4DB00A5D67E /* INTShared.m */ = {isa = PBXFileReference; fileEncoding = 4; lastKnownFileType = sourcecode.c.objc; path = INTShared.m; sourceTree = "<group>"; };
		280083A40A5ECA1300A5D67E /* INTAnnotatedPrinciple.h */ = {isa = PBXFileReference; fileEncoding = 4; lastKnownFileType = sourcecode.c.h; path = INTAnnotatedPrinciple.h; sourceTree = "<group>"; };
		280083A50A5ECA1300A5D67E /* INTAnnotatedPrinciple.m */ = {isa = PBXFileReference; fileEncoding = 4; lastKnownFileType = sourcecode.c.objc; path = INTAnnotatedPrinciple.m; sourceTree = "<group>"; };
		280182490A5FB656007288D3 /* en */ = {isa = PBXFileReference; lastKnownFileType = wrapper.nib; name = en; path = en.lproj/Entries.nib; sourceTree = "<group>"; };
		2801827A0A5FBAC9007288D3 /* INTEntriesController.h */ = {isa = PBXFileReference; fileEncoding = 4; lastKnownFileType = sourcecode.c.h; path = INTEntriesController.h; sourceTree = "<group>"; };
		2801827B0A5FBAC9007288D3 /* INTEntriesController.m */ = {isa = PBXFileReference; fileEncoding = 4; lastKnownFileType = sourcecode.c.objc; path = INTEntriesController.m; sourceTree = "<group>"; };
		282DD9B70A7397D3009E2AFB /* INTInspectorController.h */ = {isa = PBXFileReference; fileEncoding = 4; lastKnownFileType = sourcecode.c.h; path = INTInspectorController.h; sourceTree = "<group>"; };
		282DD9B80A7397D3009E2AFB /* INTInspectorController.m */ = {isa = PBXFileReference; fileEncoding = 4; lastKnownFileType = sourcecode.c.objc; path = INTInspectorController.m; sourceTree = "<group>"; };
		282DD9D30A7398CA009E2AFB /* en */ = {isa = PBXFileReference; lastKnownFileType = wrapper.nib; name = en; path = en.lproj/Inspector.nib; sourceTree = "<group>"; };
		282DDA2B0A73A79D009E2AFB /* INTActiveControlEnumerator.h */ = {isa = PBXFileReference; fileEncoding = 4; lastKnownFileType = sourcecode.c.h; path = INTActiveControlEnumerator.h; sourceTree = "<group>"; };
		282DDA2C0A73A79D009E2AFB /* INTActiveControlEnumerator.m */ = {isa = PBXFileReference; fileEncoding = 4; lastKnownFileType = sourcecode.c.objc; path = INTActiveControlEnumerator.m; sourceTree = "<group>"; };
		282E91390A5C1002008EDF1F /* INTConstitutionsController.h */ = {isa = PBXFileReference; fileEncoding = 4; lastKnownFileType = sourcecode.c.h; path = INTConstitutionsController.h; sourceTree = "<group>"; };
		282E913A0A5C1002008EDF1F /* INTConstitutionsController.m */ = {isa = PBXFileReference; fileEncoding = 4; lastKnownFileType = sourcecode.c.objc; path = INTConstitutionsController.m; sourceTree = "<group>"; };
		282E91800A5C169F008EDF1F /* en */ = {isa = PBXFileReference; fileEncoding = 10; lastKnownFileType = text.plist.strings; name = en; path = en.lproj/Localizable.strings; sourceTree = "<group>"; };
		282E92FA0A5E5806008EDF1F /* INTPrinciple.h */ = {isa = PBXFileReference; fileEncoding = 4; lastKnownFileType = sourcecode.c.h; path = INTPrinciple.h; sourceTree = "<group>"; };
		282E92FB0A5E5806008EDF1F /* INTPrinciple.m */ = {isa = PBXFileReference; fileEncoding = 4; lastKnownFileType = sourcecode.c.objc; path = INTPrinciple.m; sourceTree = "<group>"; };
		28469F2A0B19EB0200F40F8D /* org.playhaus.Introspectare.quickpick */ = {isa = PBXFileReference; lastKnownFileType = folder; path = org.playhaus.Introspectare.quickpick; sourceTree = "<group>"; };
		28469F470B19ECBC00F40F8D /* INTAppController+INTBackupQuickPick.h */ = {isa = PBXFileReference; fileEncoding = 4; lastKnownFileType = sourcecode.c.h; path = "INTAppController+INTBackupQuickPick.h"; sourceTree = "<group>"; };
		28469F480B19ECBC00F40F8D /* INTAppController+INTBackupQuickPick.m */ = {isa = PBXFileReference; fileEncoding = 4; lastKnownFileType = sourcecode.c.objc; path = "INTAppController+INTBackupQuickPick.m"; sourceTree = "<group>"; };
		284818640B17451B00EEAD7A /* INTEntriesHeaderView+INTProtectedMethods.h */ = {isa = PBXFileReference; fileEncoding = 4; lastKnownFileType = sourcecode.c.h; path = "INTEntriesHeaderView+INTProtectedMethods.h"; sourceTree = "<group>"; };
		284819C10B17567000EEAD7A /* INTEntriesHeaderCell.h */ = {isa = PBXFileReference; fileEncoding = 4; lastKnownFileType = sourcecode.c.h; path = INTEntriesHeaderCell.h; sourceTree = "<group>"; };
		284819C20B17567000EEAD7A /* INTEntriesHeaderCell.m */ = {isa = PBXFileReference; fileEncoding = 4; lastKnownFileType = sourcecode.c.objc; path = INTEntriesHeaderCell.m; sourceTree = "<group>"; };
		28574ACB0B1C62F80045FCF4 /* Introspectare.syncschema */ = {isa = PBXFileReference; explicitFileType = wrapper.cfbundle; includeInIndex = 0; path = Introspectare.syncschema; sourceTree = BUILT_PRODUCTS_DIR; };
		28574AD30B1C63510045FCF4 /* en */ = {isa = PBXFileReference; fileEncoding = 10; lastKnownFileType = text.plist.strings; name = en; path = en.lproj/Schema.strings; sourceTree = "<group>"; };
		28574AD40B1C63510045FCF4 /* Info.plist */ = {isa = PBXFileReference; fileEncoding = 4; lastKnownFileType = text.xml; path = Info.plist; sourceTree = "<group>"; };
		28574AD50B1C63510045FCF4 /* Schema.plist */ = {isa = PBXFileReference; fileEncoding = 4; lastKnownFileType = text.xml; path = Schema.plist; sourceTree = "<group>"; };
		28574B380B1C69160045FCF4 /* INTAppController+INTSyncServices.h */ = {isa = PBXFileReference; fileEncoding = 4; lastKnownFileType = sourcecode.c.h; path = "INTAppController+INTSyncServices.h"; sourceTree = "<group>"; };
		28574B390B1C69160045FCF4 /* INTAppController+INTSyncServices.m */ = {isa = PBXFileReference; fileEncoding = 4; lastKnownFileType = sourcecode.c.objc; path = "INTAppController+INTSyncServices.m"; sourceTree = "<group>"; };
		28574B520B1C6C330045FCF4 /* INTAppController+INTPersistence.h */ = {isa = PBXFileReference; fileEncoding = 4; lastKnownFileType = sourcecode.c.h; path = "INTAppController+INTPersistence.h"; sourceTree = "<group>"; };
		28574B530B1C6C330045FCF4 /* INTAppController+INTPersistence.m */ = {isa = PBXFileReference; fileEncoding = 4; lastKnownFileType = sourcecode.c.objc; path = "INTAppController+INTPersistence.m"; sourceTree = "<group>"; };
		28574C240B1C84590045FCF4 /* ClientDescription.plist */ = {isa = PBXFileReference; fileEncoding = 4; lastKnownFileType = text.xml; path = ClientDescription.plist; sourceTree = "<group>"; };
		28574D3D0B1CA4940045FCF4 /* SyncServices.framework */ = {isa = PBXFileReference; lastKnownFileType = wrapper.framework; name = SyncServices.framework; path = /System/Library/Frameworks/SyncServices.framework; sourceTree = "<absolute>"; };
		28574E240B1CC1120045FCF4 /* INTEntry+INTSyncServices.h */ = {isa = PBXFileReference; fileEncoding = 4; lastKnownFileType = sourcecode.c.h; path = "INTEntry+INTSyncServices.h"; sourceTree = "<group>"; };
		28574E250B1CC1120045FCF4 /* INTEntry+INTSyncServices.m */ = {isa = PBXFileReference; fileEncoding = 4; lastKnownFileType = sourcecode.c.objc; path = "INTEntry+INTSyncServices.m"; sourceTree = "<group>"; };
		28574E8D0B1CCA1C0045FCF4 /* INTAnnotatedPrinciple+INTSyncServices.h */ = {isa = PBXFileReference; fileEncoding = 4; lastKnownFileType = sourcecode.c.h; path = "INTAnnotatedPrinciple+INTSyncServices.h"; sourceTree = "<group>"; };
		28574E8E0B1CCA1C0045FCF4 /* INTAnnotatedPrinciple+INTSyncServices.m */ = {isa = PBXFileReference; fileEncoding = 4; lastKnownFileType = sourcecode.c.objc; path = "INTAnnotatedPrinciple+INTSyncServices.m"; sourceTree = "<group>"; };
		28574ECC0B1CCF9B0045FCF4 /* INTFlattening.h */ = {isa = PBXFileReference; fileEncoding = 4; lastKnownFileType = sourcecode.c.h; path = INTFlattening.h; sourceTree = "<group>"; };
		28574ECD0B1CCF9B0045FCF4 /* INTFlattening.m */ = {isa = PBXFileReference; fileEncoding = 4; lastKnownFileType = sourcecode.c.objc; path = INTFlattening.m; sourceTree = "<group>"; };
		2857534D0B1D19110045FCF4 /* Sync Services.icns */ = {isa = PBXFileReference; lastKnownFileType = image.icns; path = "Sync Services.icns"; sourceTree = "<group>"; };
		285EE8600B11E795002F8B5A /* INTEntriesView.h */ = {isa = PBXFileReference; fileEncoding = 4; lastKnownFileType = sourcecode.c.h; path = INTEntriesView.h; sourceTree = "<group>"; };
		285EE8610B11E795002F8B5A /* INTEntriesView.m */ = {isa = PBXFileReference; fileEncoding = 4; lastKnownFileType = sourcecode.c.objc; path = INTEntriesView.m; sourceTree = "<group>"; };
		287031410A61607000A7F5A7 /* Introspectare.icns */ = {isa = PBXFileReference; lastKnownFileType = image.icns; path = Introspectare.icns; sourceTree = "<group>"; };
		287031490A616EC500A7F5A7 /* Icons */ = {isa = PBXFileReference; lastKnownFileType = folder; path = Icons; sourceTree = "<group>"; };
		288FC9BD0A75DF520044C951 /* INTCircleSwitchButtonCell.h */ = {isa = PBXFileReference; fileEncoding = 4; lastKnownFileType = sourcecode.c.h; path = INTCircleSwitchButtonCell.h; sourceTree = "<group>"; };
		288FC9BE0A75DF520044C951 /* INTCircleSwitchButtonCell.m */ = {isa = PBXFileReference; fileEncoding = 4; lastKnownFileType = sourcecode.c.objc; path = INTCircleSwitchButtonCell.m; sourceTree = "<group>"; };
		28B1BD100B1E29CE00053AFC /* INTApplication.h */ = {isa = PBXFileReference; fileEncoding = 4; lastKnownFileType = sourcecode.c.h; path = INTApplication.h; sourceTree = "<group>"; };
		28B1BD110B1E29CE00053AFC /* INTApplication.m */ = {isa = PBXFileReference; fileEncoding = 4; lastKnownFileType = sourcecode.c.objc; path = INTApplication.m; sourceTree = "<group>"; };
		28BFA0B40A5AB5860075D416 /* Design Notes.otl */ = {isa = PBXFileReference; fileEncoding = 4; lastKnownFileType = text; path = "Design Notes.otl"; sourceTree = "<group>"; };
		28BFA0CF0A5AD4510075D416 /* en */ = {isa = PBXFileReference; lastKnownFileType = wrapper.nib; name = en; path = en.lproj/Constitutions.nib; sourceTree = "<group>"; };
		28CEA7D30A5FCFBE0085ADA2 /* NSCalendarDate+INTAdditions.h */ = {isa = PBXFileReference; fileEncoding = 4; lastKnownFileType = sourcecode.c.h; path = "NSCalendarDate+INTAdditions.h"; sourceTree = "<group>"; };
		28CEA7D40A5FCFBE0085ADA2 /* NSCalendarDate+INTAdditions.m */ = {isa = PBXFileReference; fileEncoding = 4; lastKnownFileType = sourcecode.c.objc; path = "NSCalendarDate+INTAdditions.m"; sourceTree = "<group>"; };
		28D707F70B18A1B100727436 /* Unread.tiff */ = {isa = PBXFileReference; lastKnownFileType = image.tiff; path = Unread.tiff; sourceTree = "<group>"; };
		28D7089D0B18B26500727436 /* NSIndexSet+INTAdditions.h */ = {isa = PBXFileReference; fileEncoding = 4; lastKnownFileType = sourcecode.c.h; path = "NSIndexSet+INTAdditions.h"; sourceTree = "<group>"; };
		28D7089E0B18B26500727436 /* NSIndexSet+INTAdditions.m */ = {isa = PBXFileReference; fileEncoding = 4; lastKnownFileType = sourcecode.c.objc; path = "NSIndexSet+INTAdditions.m"; sourceTree = "<group>"; };
		28DB60A30B15D4F200A3E81D /* INTEntriesCornerView.h */ = {isa = PBXFileReference; fileEncoding = 4; lastKnownFileType = sourcecode.c.h; path = INTEntriesCornerView.h; sourceTree = "<group>"; };
		28DB60A40B15D4F200A3E81D /* INTEntriesCornerView.m */ = {isa = PBXFileReference; fileEncoding = 4; lastKnownFileType = sourcecode.c.objc; path = INTEntriesCornerView.m; sourceTree = "<group>"; };
		28DB60AC0B15D56700A3E81D /* INTEntriesHeaderView.h */ = {isa = PBXFileReference; fileEncoding = 4; lastKnownFileType = sourcecode.c.h; path = INTEntriesHeaderView.h; sourceTree = "<group>"; };
		28DB60AD0B15D56700A3E81D /* INTEntriesHeaderView.m */ = {isa = PBXFileReference; fileEncoding = 4; lastKnownFileType = sourcecode.c.objc; path = INTEntriesHeaderView.m; sourceTree = "<group>"; };
		28DB60C50B15D6EC00A3E81D /* INTEntriesView+INTProtectedMethods.h */ = {isa = PBXFileReference; fileEncoding = 4; lastKnownFileType = sourcecode.c.h; path = "INTEntriesView+INTProtectedMethods.h"; sourceTree = "<group>"; };
		28E65A2E0A5A926B00DE0C5A /* INTAppController.h */ = {isa = PBXFileReference; fileEncoding = 4; lastKnownFileType = sourcecode.c.h; path = INTAppController.h; sourceTree = "<group>"; };
		28E65A2F0A5A926B00DE0C5A /* INTAppController.m */ = {isa = PBXFileReference; fileEncoding = 4; lastKnownFileType = sourcecode.c.objc; path = INTAppController.m; sourceTree = "<group>"; };
		28E65A350A5A926B00DE0C5A /* Introspectare Prefix.pch */ = {isa = PBXFileReference; fileEncoding = 4; lastKnownFileType = sourcecode.c.h; path = "Introspectare Prefix.pch"; sourceTree = "<group>"; };
		28E65A360A5A926B00DE0C5A /* main.m */ = {isa = PBXFileReference; fileEncoding = 4; lastKnownFileType = sourcecode.c.objc; path = main.m; sourceTree = "<group>"; };
		28E65A390A5A926B00DE0C5A /* en */ = {isa = PBXFileReference; fileEncoding = 10; lastKnownFileType = text.plist.strings; name = en; path = en.lproj/InfoPlist.strings; sourceTree = "<group>"; };
		28E65A3B0A5A926B00DE0C5A /* en */ = {isa = PBXFileReference; lastKnownFileType = wrapper.nib; name = en; path = en.lproj/MainMenu.nib; sourceTree = "<group>"; };
		28E65A3C0A5A926B00DE0C5A /* Info.plist */ = {isa = PBXFileReference; fileEncoding = 4; lastKnownFileType = text.xml; path = Info.plist; sourceTree = "<group>"; };
		28E65A4F0A5A930500DE0C5A /* 10_4 Shared.xcconfig */ = {isa = PBXFileReference; fileEncoding = 4; lastKnownFileType = text.xcconfig; path = "10_4 Shared.xcconfig"; sourceTree = "<group>"; };
		28E65A500A5A930500DE0C5A /* Cocoa Application Debug.xcconfig */ = {isa = PBXFileReference; fileEncoding = 4; lastKnownFileType = text.xcconfig; path = "Cocoa Application Debug.xcconfig"; sourceTree = "<group>"; };
		28E65A510A5A930500DE0C5A /* Cocoa Application Release.xcconfig */ = {isa = PBXFileReference; fileEncoding = 4; lastKnownFileType = text.xcconfig; path = "Cocoa Application Release.xcconfig"; sourceTree = "<group>"; };
		28E65A520A5A930500DE0C5A /* Cocoa Application Shared.xcconfig */ = {isa = PBXFileReference; fileEncoding = 4; lastKnownFileType = text.xcconfig; path = "Cocoa Application Shared.xcconfig"; sourceTree = "<group>"; };
		28E65A530A5A930500DE0C5A /* Cocoa Test Suite Code Coverage.xcconfig */ = {isa = PBXFileReference; fileEncoding = 4; lastKnownFileType = text.xcconfig; path = "Cocoa Test Suite Code Coverage.xcconfig"; sourceTree = "<group>"; };
		28E65A540A5A930500DE0C5A /* Cocoa Test Suite Unit Tests.xcconfig */ = {isa = PBXFileReference; fileEncoding = 4; lastKnownFileType = text.xcconfig; path = "Cocoa Test Suite Unit Tests.xcconfig"; sourceTree = "<group>"; };
		28E65A550A5A930500DE0C5A /* Cocoa Test Suite.xcconfig */ = {isa = PBXFileReference; fileEncoding = 4; lastKnownFileType = text.xcconfig; path = "Cocoa Test Suite.xcconfig"; sourceTree = "<group>"; };
		28E65A560A5A930500DE0C5A /* Debug.xcconfig */ = {isa = PBXFileReference; fileEncoding = 4; lastKnownFileType = text.xcconfig; path = Debug.xcconfig; sourceTree = "<group>"; };
		28E65A570A5A930500DE0C5A /* Metadata Importer Debug.xcconfig */ = {isa = PBXFileReference; fileEncoding = 4; lastKnownFileType = text.xcconfig; path = "Metadata Importer Debug.xcconfig"; sourceTree = "<group>"; };
		28E65A580A5A930500DE0C5A /* Metadata Importer Release.xcconfig */ = {isa = PBXFileReference; fileEncoding = 4; lastKnownFileType = text.xcconfig; path = "Metadata Importer Release.xcconfig"; sourceTree = "<group>"; };
		28E65A590A5A930500DE0C5A /* Metadata Importer Shared.xcconfig */ = {isa = PBXFileReference; fileEncoding = 4; lastKnownFileType = text.xcconfig; path = "Metadata Importer Shared.xcconfig"; sourceTree = "<group>"; };
		28E65A5A0A5A930500DE0C5A /* Release.xcconfig */ = {isa = PBXFileReference; fileEncoding = 4; lastKnownFileType = text.xcconfig; path = Release.xcconfig; sourceTree = "<group>"; };
		28E65A5B0A5A930500DE0C5A /* SIMBL Plug-in Shared.xcconfig */ = {isa = PBXFileReference; fileEncoding = 4; lastKnownFileType = text.xcconfig; path = "SIMBL Plug-in Shared.xcconfig"; sourceTree = "<group>"; };
		28FDC16B0B1DCB17001EA54B /* Syncing.icns */ = {isa = PBXFileReference; lastKnownFileType = image.icns; path = Syncing.icns; sourceTree = "<group>"; };
		29B97324FDCFA39411CA2CEA /* AppKit.framework */ = {isa = PBXFileReference; lastKnownFileType = wrapper.framework; name = AppKit.framework; path = /System/Library/Frameworks/AppKit.framework; sourceTree = "<absolute>"; };
		29B97325FDCFA39411CA2CEA /* Foundation.framework */ = {isa = PBXFileReference; lastKnownFileType = wrapper.framework; name = Foundation.framework; path = /System/Library/Frameworks/Foundation.framework; sourceTree = "<absolute>"; };
		77C82804067257F0000B614F /* CoreData.framework */ = {isa = PBXFileReference; lastKnownFileType = wrapper.framework; name = CoreData.framework; path = /System/Library/Frameworks/CoreData.framework; sourceTree = "<absolute>"; };
		8D1107320486CEB800E47090 /* Introspectare.app */ = {isa = PBXFileReference; explicitFileType = wrapper.application; includeInIndex = 0; path = Introspectare.app; sourceTree = BUILT_PRODUCTS_DIR; };
/* End PBXFileReference section */

/* Begin PBXFrameworksBuildPhase section */
		28574AC90B1C62F80045FCF4 /* Frameworks */ = {
			isa = PBXFrameworksBuildPhase;
			buildActionMask = 2147483647;
			files = (
				28574AE40B1C63850045FCF4 /* Foundation.framework in Frameworks */,
			);
			runOnlyForDeploymentPostprocessing = 0;
		};
		8D11072E0486CEB800E47090 /* Frameworks */ = {
			isa = PBXFrameworksBuildPhase;
			buildActionMask = 2147483647;
			files = (
				8D11072F0486CEB800E47090 /* Cocoa.framework in Frameworks */,
				28574D3E0B1CA4940045FCF4 /* SyncServices.framework in Frameworks */,
			);
			runOnlyForDeploymentPostprocessing = 0;
		};
/* End PBXFrameworksBuildPhase section */

/* Begin PBXGroup section */
		19C28FACFE9D520D11CA2CBB /* Products */ = {
			isa = PBXGroup;
			children = (
				8D1107320486CEB800E47090 /* Introspectare.app */,
				28574ACB0B1C62F80045FCF4 /* Introspectare.syncschema */,
			);
			name = Products;
			sourceTree = "<group>";
		};
		28574AD00B1C63510045FCF4 /* Sync Schema */ = {
			isa = PBXGroup;
			children = (
				28574AD10B1C63510045FCF4 /* Resources */,
			);
			path = "Sync Schema";
			sourceTree = "<group>";
		};
		28574AD10B1C63510045FCF4 /* Resources */ = {
			isa = PBXGroup;
			children = (
				28574AD40B1C63510045FCF4 /* Info.plist */,
				28574AD50B1C63510045FCF4 /* Schema.plist */,
				28574AD20B1C63510045FCF4 /* Schema.strings */,
			);
			path = Resources;
			sourceTree = "<group>";
		};
		28DB60DD0B15D85F00A3E81D /* Entries View */ = {
			isa = PBXGroup;
			children = (
				285EE8600B11E795002F8B5A /* INTEntriesView.h */,
				28DB60C50B15D6EC00A3E81D /* INTEntriesView+INTProtectedMethods.h */,
				285EE8610B11E795002F8B5A /* INTEntriesView.m */,
				28DB60AC0B15D56700A3E81D /* INTEntriesHeaderView.h */,
				284818640B17451B00EEAD7A /* INTEntriesHeaderView+INTProtectedMethods.h */,
				28DB60AD0B15D56700A3E81D /* INTEntriesHeaderView.m */,
				28DB60A30B15D4F200A3E81D /* INTEntriesCornerView.h */,
				28DB60A40B15D4F200A3E81D /* INTEntriesCornerView.m */,
				284819C10B17567000EEAD7A /* INTEntriesHeaderCell.h */,
				284819C20B17567000EEAD7A /* INTEntriesHeaderCell.m */,
			);
			name = "Entries View";
			sourceTree = "<group>";
		};
		28E65A2C0A5A926B00DE0C5A /* Classes */ = {
			isa = PBXGroup;
			children = (
				28E65A300A5A926B00DE0C5A /* Model */,
				28E65A2D0A5A926B00DE0C5A /* Controller */,
				28E65A310A5A926B00DE0C5A /* View */,
			);
			path = Classes;
			sourceTree = "<group>";
		};
		28E65A2D0A5A926B00DE0C5A /* Controller */ = {
			isa = PBXGroup;
			children = (
				28B1BD100B1E29CE00053AFC /* INTApplication.h */,
				28B1BD110B1E29CE00053AFC /* INTApplication.m */,
				28E65A2E0A5A926B00DE0C5A /* INTAppController.h */,
				28E65A2F0A5A926B00DE0C5A /* INTAppController.m */,
				28574B520B1C6C330045FCF4 /* INTAppController+INTPersistence.h */,
				28574B530B1C6C330045FCF4 /* INTAppController+INTPersistence.m */,
				28469F470B19ECBC00F40F8D /* INTAppController+INTBackupQuickPick.h */,
				28469F480B19ECBC00F40F8D /* INTAppController+INTBackupQuickPick.m */,
				28574B380B1C69160045FCF4 /* INTAppController+INTSyncServices.h */,
				28574B390B1C69160045FCF4 /* INTAppController+INTSyncServices.m */,
				2801827A0A5FBAC9007288D3 /* INTEntriesController.h */,
				2801827B0A5FBAC9007288D3 /* INTEntriesController.m */,
				282E91390A5C1002008EDF1F /* INTConstitutionsController.h */,
				282E913A0A5C1002008EDF1F /* INTConstitutionsController.m */,
				282DD9B70A7397D3009E2AFB /* INTInspectorController.h */,
				282DD9B80A7397D3009E2AFB /* INTInspectorController.m */,
			);
			path = Controller;
			sourceTree = "<group>";
		};
		28E65A300A5A926B00DE0C5A /* Model */ = {
			isa = PBXGroup;
			children = (
				280082150A5E9ADF00A5D67E /* INTLibrary.h */,
				280082160A5E9ADF00A5D67E /* INTLibrary.m */,
				2800823F0A5EA11F00A5D67E /* INTEntry.h */,
				280082400A5EA11F00A5D67E /* INTEntry.m */,
				28574E240B1CC1120045FCF4 /* INTEntry+INTSyncServices.h */,
				28574E250B1CC1120045FCF4 /* INTEntry+INTSyncServices.m */,
				282E92FA0A5E5806008EDF1F /* INTPrinciple.h */,
				282E92FB0A5E5806008EDF1F /* INTPrinciple.m */,
				280083A40A5ECA1300A5D67E /* INTAnnotatedPrinciple.h */,
				280083A50A5ECA1300A5D67E /* INTAnnotatedPrinciple.m */,
				28574E8D0B1CCA1C0045FCF4 /* INTAnnotatedPrinciple+INTSyncServices.h */,
				28574E8E0B1CCA1C0045FCF4 /* INTAnnotatedPrinciple+INTSyncServices.m */,
				280081F70A5E948800A5D67E /* INTConstitution.h */,
				280081F80A5E948800A5D67E /* INTConstitution.m */,
				282DDA2B0A73A79D009E2AFB /* INTActiveControlEnumerator.h */,
				282DDA2C0A73A79D009E2AFB /* INTActiveControlEnumerator.m */,
			);
			path = Model;
			sourceTree = "<group>";
		};
		28E65A310A5A926B00DE0C5A /* View */ = {
			isa = PBXGroup;
			children = (
				288FC9BD0A75DF520044C951 /* INTCircleSwitchButtonCell.h */,
				288FC9BE0A75DF520044C951 /* INTCircleSwitchButtonCell.m */,
				28DB60DD0B15D85F00A3E81D /* Entries View */,
			);
			path = View;
			sourceTree = "<group>";
		};
		28E65A340A5A926B00DE0C5A /* Other Sources */ = {
			isa = PBXGroup;
			children = (
				28E65A350A5A926B00DE0C5A /* Introspectare Prefix.pch */,
				28E65A360A5A926B00DE0C5A /* main.m */,
				280082BB0A5EB4DB00A5D67E /* INTShared.h */,
				280082BC0A5EB4DB00A5D67E /* INTShared.m */,
				28CEA7D30A5FCFBE0085ADA2 /* NSCalendarDate+INTAdditions.h */,
				28CEA7D40A5FCFBE0085ADA2 /* NSCalendarDate+INTAdditions.m */,
				28D7089D0B18B26500727436 /* NSIndexSet+INTAdditions.h */,
				28D7089E0B18B26500727436 /* NSIndexSet+INTAdditions.m */,
				28574ECC0B1CCF9B0045FCF4 /* INTFlattening.h */,
				28574ECD0B1CCF9B0045FCF4 /* INTFlattening.m */,
			);
			path = "Other Sources";
			sourceTree = "<group>";
		};
		28E65A370A5A926B00DE0C5A /* Resources */ = {
			isa = PBXGroup;
			children = (
				28E65A3C0A5A926B00DE0C5A /* Info.plist */,
				282E917F0A5C169F008EDF1F /* Localizable.strings */,
				28E65A380A5A926B00DE0C5A /* InfoPlist.strings */,
				28E65A3A0A5A926B00DE0C5A /* MainMenu.nib */,
				280182480A5FB656007288D3 /* Entries.nib */,
				28BFA0CE0A5AD4510075D416 /* Constitutions.nib */,
				282DD9D20A7398CA009E2AFB /* Inspector.nib */,
				287031410A61607000A7F5A7 /* Introspectare.icns */,
				2857534D0B1D19110045FCF4 /* Sync Services.icns */,
				28FDC16B0B1DCB17001EA54B /* Syncing.icns */,
				28D707F70B18A1B100727436 /* Unread.tiff */,
				28574C240B1C84590045FCF4 /* ClientDescription.plist */,
				28469F2A0B19EB0200F40F8D /* org.playhaus.Introspectare.quickpick */,
			);
			path = Resources;
			sourceTree = "<group>";
		};
		28E65A4E0A5A930500DE0C5A /* Common Build Configurations */ = {
			isa = PBXGroup;
			children = (
				28E65A4F0A5A930500DE0C5A /* 10_4 Shared.xcconfig */,
				28E65A560A5A930500DE0C5A /* Debug.xcconfig */,
				28E65A5A0A5A930500DE0C5A /* Release.xcconfig */,
				28E65A520A5A930500DE0C5A /* Cocoa Application Shared.xcconfig */,
				28E65A500A5A930500DE0C5A /* Cocoa Application Debug.xcconfig */,
				28E65A510A5A930500DE0C5A /* Cocoa Application Release.xcconfig */,
				28E65A550A5A930500DE0C5A /* Cocoa Test Suite.xcconfig */,
				28E65A540A5A930500DE0C5A /* Cocoa Test Suite Unit Tests.xcconfig */,
				28E65A530A5A930500DE0C5A /* Cocoa Test Suite Code Coverage.xcconfig */,
				28E65A590A5A930500DE0C5A /* Metadata Importer Shared.xcconfig */,
				28E65A570A5A930500DE0C5A /* Metadata Importer Debug.xcconfig */,
				28E65A580A5A930500DE0C5A /* Metadata Importer Release.xcconfig */,
				28E65A5B0A5A930500DE0C5A /* SIMBL Plug-in Shared.xcconfig */,
			);
			path = "Common Build Configurations";
			sourceTree = "<group>";
		};
		29B97314FDCFA39411CA2CEA /* Introspectare */ = {
			isa = PBXGroup;
			children = (
				28BFA0B40A5AB5860075D416 /* Design Notes.otl */,
				28E65A4E0A5A930500DE0C5A /* Common Build Configurations */,
				28E65A2C0A5A926B00DE0C5A /* Classes */,
				28E65A340A5A926B00DE0C5A /* Other Sources */,
				28E65A370A5A926B00DE0C5A /* Resources */,
				287031490A616EC500A7F5A7 /* Icons */,
				28574AD00B1C63510045FCF4 /* Sync Schema */,
				29B97323FDCFA39411CA2CEA /* Frameworks */,
				19C28FACFE9D520D11CA2CBB /* Products */,
			);
			name = Introspectare;
			sourceTree = "<group>";
		};
		29B97323FDCFA39411CA2CEA /* Frameworks */ = {
			isa = PBXGroup;
			children = (
				1058C7A1FEA54F0111CA2CBB /* Cocoa.framework */,
				77C82804067257F0000B614F /* CoreData.framework */,
				29B97325FDCFA39411CA2CEA /* Foundation.framework */,
				29B97324FDCFA39411CA2CEA /* AppKit.framework */,
				28574D3D0B1CA4940045FCF4 /* SyncServices.framework */,
			);
			name = Frameworks;
			sourceTree = "<group>";
		};
/* End PBXGroup section */

/* Begin PBXNativeTarget section */
		28574ACA0B1C62F80045FCF4 /* Sync Schema */ = {
			isa = PBXNativeTarget;
			buildConfigurationList = 28574ACD0B1C62F80045FCF4 /* Build configuration list for PBXNativeTarget "Sync Schema" */;
			buildPhases = (
				28574AC70B1C62F80045FCF4 /* Resources */,
				28574AC80B1C62F80045FCF4 /* Sources */,
				28574AC90B1C62F80045FCF4 /* Frameworks */,
			);
			buildRules = (
			);
			dependencies = (
			);
			name = "Sync Schema";
			productName = "Sync Schema";
			productReference = 28574ACB0B1C62F80045FCF4 /* Introspectare.syncschema */;
			productType = "com.apple.product-type.bundle";
		};
		8D1107260486CEB800E47090 /* Introspectare */ = {
			isa = PBXNativeTarget;
			buildConfigurationList = 26FC0A840875C7B200E6366F /* Build configuration list for PBXNativeTarget "Introspectare" */;
			buildPhases = (
				8D1107290486CEB800E47090 /* Resources */,
				8D11072C0486CEB800E47090 /* Sources */,
				8D11072E0486CEB800E47090 /* Frameworks */,
			);
			buildRules = (
			);
			dependencies = (
				28574AFC0B1C63D90045FCF4 /* PBXTargetDependency */,
			);
			name = Introspectare;
			productInstallPath = "$(HOME)/Applications";
			productName = Introspectare;
			productReference = 8D1107320486CEB800E47090 /* Introspectare.app */;
			productType = "com.apple.product-type.application";
		};
/* End PBXNativeTarget section */

/* Begin PBXProject section */
		29B97313FDCFA39411CA2CEA /* Project object */ = {
			isa = PBXProject;
			buildConfigurationList = 26FC0A880875C7B200E6366F /* Build configuration list for PBXProject "Introspectare" */;
			hasScannedForEncodings = 1;
			knownRegions = (
				English,
				Japanese,
				French,
				German,
				en,
			);
			mainGroup = 29B97314FDCFA39411CA2CEA /* Introspectare */;
			projectDirPath = "";
			targets = (
				8D1107260486CEB800E47090 /* Introspectare */,
				28574ACA0B1C62F80045FCF4 /* Sync Schema */,
			);
		};
/* End PBXProject section */

/* Begin PBXResourcesBuildPhase section */
		28574AC70B1C62F80045FCF4 /* Resources */ = {
			isa = PBXResourcesBuildPhase;
			buildActionMask = 2147483647;
			files = (
				28574ADE0B1C636C0045FCF4 /* Schema.plist in Resources */,
				28574ADF0B1C636C0045FCF4 /* Schema.strings in Resources */,
				28574AF00B1C639C0045FCF4 /* Introspectare.icns in Resources */,
			);
			runOnlyForDeploymentPostprocessing = 0;
		};
		8D1107290486CEB800E47090 /* Resources */ = {
			isa = PBXResourcesBuildPhase;
			buildActionMask = 2147483647;
			files = (
				28E65A400A5A926B00DE0C5A /* InfoPlist.strings in Resources */,
				28E65A5E0A5A931E00DE0C5A /* MainMenu.nib in Resources */,
				28BFA0D00A5AD4510075D416 /* Constitutions.nib in Resources */,
				282E91810A5C169F008EDF1F /* Localizable.strings in Resources */,
				2801824A0A5FB656007288D3 /* Entries.nib in Resources */,
				287031420A61607000A7F5A7 /* Introspectare.icns in Resources */,
				282DD9D40A7398CA009E2AFB /* Inspector.nib in Resources */,
				28D707F80B18A1B100727436 /* Unread.tiff in Resources */,
				28469F950B19F1F300F40F8D /* org.playhaus.Introspectare.quickpick in Resources */,
				28574AFD0B1C63E20045FCF4 /* Introspectare.syncschema in Resources */,
				28574C250B1C84590045FCF4 /* ClientDescription.plist in Resources */,
				28FDC16C0B1DCB17001EA54B /* Syncing.icns in Resources */,
			);
			runOnlyForDeploymentPostprocessing = 0;
		};
/* End PBXResourcesBuildPhase section */

/* Begin PBXSourcesBuildPhase section */
		28574AC80B1C62F80045FCF4 /* Sources */ = {
			isa = PBXSourcesBuildPhase;
			buildActionMask = 2147483647;
			files = (
			);
			runOnlyForDeploymentPostprocessing = 0;
		};
		8D11072C0486CEB800E47090 /* Sources */ = {
			isa = PBXSourcesBuildPhase;
			buildActionMask = 2147483647;
			files = (
				28E65A3F0A5A926B00DE0C5A /* main.m in Sources */,
				282E913B0A5C1002008EDF1F /* INTConstitutionsController.m in Sources */,
				282E92FC0A5E5806008EDF1F /* INTPrinciple.m in Sources */,
				280081F90A5E948800A5D67E /* INTConstitution.m in Sources */,
				280082170A5E9ADF00A5D67E /* INTLibrary.m in Sources */,
				280082410A5EA11F00A5D67E /* INTEntry.m in Sources */,
				280082BD0A5EB4DB00A5D67E /* INTShared.m in Sources */,
				280083A60A5ECA1300A5D67E /* INTAnnotatedPrinciple.m in Sources */,
				2801827C0A5FBAC9007288D3 /* INTEntriesController.m in Sources */,
				28CEA7D50A5FCFBE0085ADA2 /* NSCalendarDate+INTAdditions.m in Sources */,
				282DD9B90A7397D3009E2AFB /* INTInspectorController.m in Sources */,
				282DDA2D0A73A79D009E2AFB /* INTActiveControlEnumerator.m in Sources */,
				288FC9BF0A75DF520044C951 /* INTCircleSwitchButtonCell.m in Sources */,
				285EE8620B11E795002F8B5A /* INTEntriesView.m in Sources */,
				28DB60A50B15D4F200A3E81D /* INTEntriesCornerView.m in Sources */,
				28DB60AE0B15D56700A3E81D /* INTEntriesHeaderView.m in Sources */,
				284819C30B17567000EEAD7A /* INTEntriesHeaderCell.m in Sources */,
				28D7089F0B18B26500727436 /* NSIndexSet+INTAdditions.m in Sources */,
				28469F490B19ECBC00F40F8D /* INTAppController+INTBackupQuickPick.m in Sources */,
				28574B540B1C6C330045FCF4 /* INTAppController+INTPersistence.m in Sources */,
				28574B870B1C73070045FCF4 /* INTAppController.m in Sources */,
				28574CD30B1C99490045FCF4 /* INTAppController+INTSyncServices.m in Sources */,
				28574E260B1CC1120045FCF4 /* INTEntry+INTSyncServices.m in Sources */,
				28574E8F0B1CCA1C0045FCF4 /* INTAnnotatedPrinciple+INTSyncServices.m in Sources */,
				28574ECE0B1CCF9B0045FCF4 /* INTFlattening.m in Sources */,
				28B1BD120B1E29CE00053AFC /* INTApplication.m in Sources */,
			);
			runOnlyForDeploymentPostprocessing = 0;
		};
/* End PBXSourcesBuildPhase section */

/* Begin PBXTargetDependency section */
		28574AFC0B1C63D90045FCF4 /* PBXTargetDependency */ = {
			isa = PBXTargetDependency;
			target = 28574ACA0B1C62F80045FCF4 /* Sync Schema */;
			targetProxy = 28574AFB0B1C63D90045FCF4 /* PBXContainerItemProxy */;
		};
/* End PBXTargetDependency section */

/* Begin PBXVariantGroup section */
		280182480A5FB656007288D3 /* Entries.nib */ = {
			isa = PBXVariantGroup;
			children = (
				280182490A5FB656007288D3 /* en */,
			);
			name = Entries.nib;
			sourceTree = "<group>";
		};
		282DD9D20A7398CA009E2AFB /* Inspector.nib */ = {
			isa = PBXVariantGroup;
			children = (
				282DD9D30A7398CA009E2AFB /* en */,
			);
			name = Inspector.nib;
			sourceTree = "<group>";
		};
		282E917F0A5C169F008EDF1F /* Localizable.strings */ = {
			isa = PBXVariantGroup;
			children = (
				282E91800A5C169F008EDF1F /* en */,
			);
			name = Localizable.strings;
			sourceTree = "<group>";
		};
		28574AD20B1C63510045FCF4 /* Schema.strings */ = {
			isa = PBXVariantGroup;
			children = (
				28574AD30B1C63510045FCF4 /* en */,
			);
			name = Schema.strings;
			sourceTree = "<group>";
		};
		28BFA0CE0A5AD4510075D416 /* Constitutions.nib */ = {
			isa = PBXVariantGroup;
			children = (
				28BFA0CF0A5AD4510075D416 /* en */,
			);
			name = Constitutions.nib;
			sourceTree = "<group>";
		};
		28E65A380A5A926B00DE0C5A /* InfoPlist.strings */ = {
			isa = PBXVariantGroup;
			children = (
				28E65A390A5A926B00DE0C5A /* en */,
			);
			name = InfoPlist.strings;
			sourceTree = "<group>";
		};
		28E65A3A0A5A926B00DE0C5A /* MainMenu.nib */ = {
			isa = PBXVariantGroup;
			children = (
				28E65A3B0A5A926B00DE0C5A /* en */,
			);
			name = MainMenu.nib;
			sourceTree = "<group>";
		};
/* End PBXVariantGroup section */

/* Begin XCBuildConfiguration section */
		26FC0A850875C7B200E6366F /* Debug */ = {
			isa = XCBuildConfiguration;
			baseConfigurationReference = 28E65A500A5A930500DE0C5A /* Cocoa Application Debug.xcconfig */;
			buildSettings = {
				GCC_PREFIX_HEADER = "Other Sources/Introspectare Prefix.pch";
				INFOPLIST_FILE = Resources/Info.plist;
				PRODUCT_NAME = Introspectare;
			};
			name = Debug;
		};
		26FC0A860875C7B200E6366F /* Release */ = {
			isa = XCBuildConfiguration;
			baseConfigurationReference = 28E65A510A5A930500DE0C5A /* Cocoa Application Release.xcconfig */;
			buildSettings = {
				GCC_PREFIX_HEADER = "Other Sources/Introspectare Prefix.pch";
				INFOPLIST_FILE = Resources/Info.plist;
				PRODUCT_NAME = Introspectare;
			};
			name = Release;
		};
		26FC0A890875C7B200E6366F /* Debug */ = {
			isa = XCBuildConfiguration;
			baseConfigurationReference = 28E65A560A5A930500DE0C5A /* Debug.xcconfig */;
			buildSettings = {
				CURRENT_MARKETING_VERSION = 1.6;
				CURRENT_PROJECT_VERSION = 15;
				SDKROOT = /Developer/SDKs/MacOSX10.4u.sdk;
			};
			name = Debug;
		};
		26FC0A8A0875C7B200E6366F /* Release */ = {
			isa = XCBuildConfiguration;
			baseConfigurationReference = 28E65A5A0A5A930500DE0C5A /* Release.xcconfig */;
			buildSettings = {
				CURRENT_MARKETING_VERSION = 1.6;
				CURRENT_PROJECT_VERSION = 15;
				SDKROOT = /Developer/SDKs/MacOSX10.4u.sdk;
			};
			name = Release;
		};
		28574ACE0B1C62F80045FCF4 /* Debug */ = {
			isa = XCBuildConfiguration;
			buildSettings = {
				INFOPLIST_FILE = "Sync Schema/Resources/Info.plist";
				PRODUCT_NAME = Introspectare;
				WRAPPER_EXTENSION = syncschema;
			};
			name = Debug;
		};
		28574ACF0B1C62F80045FCF4 /* Release */ = {
			isa = XCBuildConfiguration;
			buildSettings = {
				INFOPLIST_FILE = "Sync Schema/Resources/Info.plist";
				PRODUCT_NAME = Introspectare;
				WRAPPER_EXTENSION = syncschema;
			};
			name = Release;
		};
/* End XCBuildConfiguration section */

/* Begin XCConfigurationList section */
		26FC0A840875C7B200E6366F /* Build configuration list for PBXNativeTarget "Introspectare" */ = {
			isa = XCConfigurationList;
			buildConfigurations = (
				26FC0A850875C7B200E6366F /* Debug */,
				26FC0A860875C7B200E6366F /* Release */,
			);
			defaultConfigurationIsVisible = 0;
			defaultConfigurationName = Debug;
		};
		26FC0A880875C7B200E6366F /* Build configuration list for PBXProject "Introspectare" */ = {
			isa = XCConfigurationList;
			buildConfigurations = (
				26FC0A890875C7B200E6366F /* Debug */,
				26FC0A8A0875C7B200E6366F /* Release */,
			);
			defaultConfigurationIsVisible = 0;
			defaultConfigurationName = Debug;
		};
		28574ACD0B1C62F80045FCF4 /* Build configuration list for PBXNativeTarget "Sync Schema" */ = {
			isa = XCConfigurationList;
			buildConfigurations = (
				28574ACE0B1C62F80045FCF4 /* Debug */,
				28574ACF0B1C62F80045FCF4 /* Release */,
			);
			defaultConfigurationIsVisible = 0;
			defaultConfigurationName = Debug;
		};
/* End XCConfigurationList section */
	};
	rootObject = 29B97313FDCFA39411CA2CEA /* Project object */;
}
