// !$*UTF8*$!
{
	archiveVersion = 1;
	classes = {
	};
	objectVersion = 42;
	objects = {

/* Begin PBXBuildFile section */
		280081F90A5E948800A5D67E /* INTConstitution.m in Sources */ = {isa = PBXBuildFile; fileRef = 280081F80A5E948800A5D67E /* INTConstitution.m */; };
		280082170A5E9ADF00A5D67E /* INTLibrary.m in Sources */ = {isa = PBXBuildFile; fileRef = 280082160A5E9ADF00A5D67E /* INTLibrary.m */; };
		280082410A5EA11F00A5D67E /* INTEntry.m in Sources */ = {isa = PBXBuildFile; fileRef = 280082400A5EA11F00A5D67E /* INTEntry.m */; };
		280082BD0A5EB4DB00A5D67E /* INTShared.m in Sources */ = {isa = PBXBuildFile; fileRef = 280082BC0A5EB4DB00A5D67E /* INTShared.m */; };
		280083A60A5ECA1300A5D67E /* INTAnnotatedPrinciple.m in Sources */ = {isa = PBXBuildFile; fileRef = 280083A50A5ECA1300A5D67E /* INTAnnotatedPrinciple.m */; };
		2801824A0A5FB656007288D3 /* Entries.nib in Resources */ = {isa = PBXBuildFile; fileRef = 280182480A5FB656007288D3 /* Entries.nib */; };
		2801827C0A5FBAC9007288D3 /* INTEntriesController.m in Sources */ = {isa = PBXBuildFile; fileRef = 2801827B0A5FBAC9007288D3 /* INTEntriesController.m */; };
		282DD9B90A7397D3009E2AFB /* INTInspectorController.m in Sources */ = {isa = PBXBuildFile; fileRef = 282DD9B80A7397D3009E2AFB /* INTInspectorController.m */; };
		282DD9D40A7398CA009E2AFB /* Inspector.nib in Resources */ = {isa = PBXBuildFile; fileRef = 282DD9D20A7398CA009E2AFB /* Inspector.nib */; };
		282DDA2D0A73A79D009E2AFB /* INTActiveControlEnumerator.m in Sources */ = {isa = PBXBuildFile; fileRef = 282DDA2C0A73A79D009E2AFB /* INTActiveControlEnumerator.m */; };
		282E913B0A5C1002008EDF1F /* INTConstitutionsController.m in Sources */ = {isa = PBXBuildFile; fileRef = 282E913A0A5C1002008EDF1F /* INTConstitutionsController.m */; };
		282E91810A5C169F008EDF1F /* Localizable.strings in Resources */ = {isa = PBXBuildFile; fileRef = 282E917F0A5C169F008EDF1F /* Localizable.strings */; };
		282E91E40A5C1A93008EDF1F /* PrincipleLibrary.nib in Resources */ = {isa = PBXBuildFile; fileRef = 282E91E20A5C1A93008EDF1F /* PrincipleLibrary.nib */; };
		282E91E70A5C1ABD008EDF1F /* INTPrincipleLibraryController.m in Sources */ = {isa = PBXBuildFile; fileRef = 282E91E60A5C1ABD008EDF1F /* INTPrincipleLibraryController.m */; };
		282E92FC0A5E5806008EDF1F /* INTPrinciple.m in Sources */ = {isa = PBXBuildFile; fileRef = 282E92FB0A5E5806008EDF1F /* INTPrinciple.m */; };
		287031420A61607000A7F5A7 /* Introspectare.icns in Resources */ = {isa = PBXBuildFile; fileRef = 287031410A61607000A7F5A7 /* Introspectare.icns */; };
		28BFA0D00A5AD4510075D416 /* Constitutions.nib in Resources */ = {isa = PBXBuildFile; fileRef = 28BFA0CE0A5AD4510075D416 /* Constitutions.nib */; };
		28CEA7D50A5FCFBE0085ADA2 /* NSCalendarDate+INTAdditions.m in Sources */ = {isa = PBXBuildFile; fileRef = 28CEA7D40A5FCFBE0085ADA2 /* NSCalendarDate+INTAdditions.m */; };
		28E65A3F0A5A926B00DE0C5A /* main.m in Sources */ = {isa = PBXBuildFile; fileRef = 28E65A360A5A926B00DE0C5A /* main.m */; };
		28E65A400A5A926B00DE0C5A /* InfoPlist.strings in Resources */ = {isa = PBXBuildFile; fileRef = 28E65A380A5A926B00DE0C5A /* InfoPlist.strings */; };
		28E65A5E0A5A931E00DE0C5A /* MainMenu.nib in Resources */ = {isa = PBXBuildFile; fileRef = 28E65A3A0A5A926B00DE0C5A /* MainMenu.nib */; };
		28E65AA90A5A975500DE0C5A /* INTAppController.m in Sources */ = {isa = PBXBuildFile; fileRef = 28E65A2F0A5A926B00DE0C5A /* INTAppController.m */; };
		8D11072F0486CEB800E47090 /* Cocoa.framework in Frameworks */ = {isa = PBXBuildFile; fileRef = 1058C7A1FEA54F0111CA2CBB /* Cocoa.framework */; };
/* End PBXBuildFile section */

/* Begin PBXFileReference section */
		1058C7A1FEA54F0111CA2CBB /* Cocoa.framework */ = {isa = PBXFileReference; lastKnownFileType = wrapper.framework; name = Cocoa.framework; path = /System/Library/Frameworks/Cocoa.framework; sourceTree = "<absolute>"; };
		280081F70A5E948800A5D67E /* INTConstitution.h */ = {isa = PBXFileReference; fileEncoding = 4; lastKnownFileType = sourcecode.c.h; path = INTConstitution.h; sourceTree = "<group>"; };
		280081F80A5E948800A5D67E /* INTConstitution.m */ = {isa = PBXFileReference; fileEncoding = 4; lastKnownFileType = sourcecode.c.objc; path = INTConstitution.m; sourceTree = "<group>"; };
		280082150A5E9ADF00A5D67E /* INTLibrary.h */ = {isa = PBXFileReference; fileEncoding = 4; lastKnownFileType = sourcecode.c.h; path = INTLibrary.h; sourceTree = "<group>"; };
		280082160A5E9ADF00A5D67E /* INTLibrary.m */ = {isa = PBXFileReference; fileEncoding = 4; lastKnownFileType = sourcecode.c.objc; path = INTLibrary.m; sourceTree = "<group>"; };
		2800823F0A5EA11F00A5D67E /* INTEntry.h */ = {isa = PBXFileReference; fileEncoding = 4; lastKnownFileType = sourcecode.c.h; path = INTEntry.h; sourceTree = "<group>"; };
		280082400A5EA11F00A5D67E /* INTEntry.m */ = {isa = PBXFileReference; fileEncoding = 4; lastKnownFileType = sourcecode.c.objc; path = INTEntry.m; sourceTree = "<group>"; };
		280082BB0A5EB4DB00A5D67E /* INTShared.h */ = {isa = PBXFileReference; fileEncoding = 4; lastKnownFileType = sourcecode.c.h; path = INTShared.h; sourceTree = "<group>"; };
		280082BC0A5EB4DB00A5D67E /* INTShared.m */ = {isa = PBXFileReference; fileEncoding = 4; lastKnownFileType = sourcecode.c.objc; path = INTShared.m; sourceTree = "<group>"; };
		280083A40A5ECA1300A5D67E /* INTAnnotatedPrinciple.h */ = {isa = PBXFileReference; fileEncoding = 4; lastKnownFileType = sourcecode.c.h; path = INTAnnotatedPrinciple.h; sourceTree = "<group>"; };
		280083A50A5ECA1300A5D67E /* INTAnnotatedPrinciple.m */ = {isa = PBXFileReference; fileEncoding = 4; lastKnownFileType = sourcecode.c.objc; path = INTAnnotatedPrinciple.m; sourceTree = "<group>"; };
		280182490A5FB656007288D3 /* en */ = {isa = PBXFileReference; lastKnownFileType = wrapper.nib; name = en; path = en.lproj/Entries.nib; sourceTree = "<group>"; };
		2801827A0A5FBAC9007288D3 /* INTEntriesController.h */ = {isa = PBXFileReference; fileEncoding = 4; lastKnownFileType = sourcecode.c.h; path = INTEntriesController.h; sourceTree = "<group>"; };
		2801827B0A5FBAC9007288D3 /* INTEntriesController.m */ = {isa = PBXFileReference; fileEncoding = 4; lastKnownFileType = sourcecode.c.objc; path = INTEntriesController.m; sourceTree = "<group>"; };
		282DD9B70A7397D3009E2AFB /* INTInspectorController.h */ = {isa = PBXFileReference; fileEncoding = 4; lastKnownFileType = sourcecode.c.h; path = INTInspectorController.h; sourceTree = "<group>"; };
		282DD9B80A7397D3009E2AFB /* INTInspectorController.m */ = {isa = PBXFileReference; fileEncoding = 4; lastKnownFileType = sourcecode.c.objc; path = INTInspectorController.m; sourceTree = "<group>"; };
		282DD9D30A7398CA009E2AFB /* en */ = {isa = PBXFileReference; lastKnownFileType = wrapper.nib; name = en; path = en.lproj/Inspector.nib; sourceTree = "<group>"; };
		282DDA2B0A73A79D009E2AFB /* INTActiveControlEnumerator.h */ = {isa = PBXFileReference; fileEncoding = 4; lastKnownFileType = sourcecode.c.h; path = INTActiveControlEnumerator.h; sourceTree = "<group>"; };
		282DDA2C0A73A79D009E2AFB /* INTActiveControlEnumerator.m */ = {isa = PBXFileReference; fileEncoding = 4; lastKnownFileType = sourcecode.c.objc; path = INTActiveControlEnumerator.m; sourceTree = "<group>"; };
		282E91390A5C1002008EDF1F /* INTConstitutionsController.h */ = {isa = PBXFileReference; fileEncoding = 4; lastKnownFileType = sourcecode.c.h; path = INTConstitutionsController.h; sourceTree = "<group>"; };
		282E913A0A5C1002008EDF1F /* INTConstitutionsController.m */ = {isa = PBXFileReference; fileEncoding = 4; lastKnownFileType = sourcecode.c.objc; path = INTConstitutionsController.m; sourceTree = "<group>"; };
		282E91800A5C169F008EDF1F /* en */ = {isa = PBXFileReference; fileEncoding = 10; lastKnownFileType = text.plist.strings; name = en; path = en.lproj/Localizable.strings; sourceTree = "<group>"; };
		282E91E30A5C1A93008EDF1F /* en */ = {isa = PBXFileReference; lastKnownFileType = wrapper.nib; name = en; path = en.lproj/PrincipleLibrary.nib; sourceTree = "<group>"; };
		282E91E50A5C1ABD008EDF1F /* INTPrincipleLibraryController.h */ = {isa = PBXFileReference; fileEncoding = 4; lastKnownFileType = sourcecode.c.h; path = INTPrincipleLibraryController.h; sourceTree = "<group>"; };
		282E91E60A5C1ABD008EDF1F /* INTPrincipleLibraryController.m */ = {isa = PBXFileReference; fileEncoding = 4; lastKnownFileType = sourcecode.c.objc; path = INTPrincipleLibraryController.m; sourceTree = "<group>"; };
		282E92FA0A5E5806008EDF1F /* INTPrinciple.h */ = {isa = PBXFileReference; fileEncoding = 4; lastKnownFileType = sourcecode.c.h; path = INTPrinciple.h; sourceTree = "<group>"; };
		282E92FB0A5E5806008EDF1F /* INTPrinciple.m */ = {isa = PBXFileReference; fileEncoding = 4; lastKnownFileType = sourcecode.c.objc; path = INTPrinciple.m; sourceTree = "<group>"; };
		287031410A61607000A7F5A7 /* Introspectare.icns */ = {isa = PBXFileReference; lastKnownFileType = image.icns; path = Introspectare.icns; sourceTree = "<group>"; };
		287031490A616EC500A7F5A7 /* Icons */ = {isa = PBXFileReference; lastKnownFileType = folder; path = Icons; sourceTree = "<group>"; };
		28BFA0B40A5AB5860075D416 /* Design Notes.otl */ = {isa = PBXFileReference; fileEncoding = 4; lastKnownFileType = text; path = "Design Notes.otl"; sourceTree = "<group>"; };
		28BFA0CF0A5AD4510075D416 /* en */ = {isa = PBXFileReference; lastKnownFileType = wrapper.nib; name = en; path = en.lproj/Constitutions.nib; sourceTree = "<group>"; };
		28CEA7D30A5FCFBE0085ADA2 /* NSCalendarDate+INTAdditions.h */ = {isa = PBXFileReference; fileEncoding = 4; lastKnownFileType = sourcecode.c.h; path = "NSCalendarDate+INTAdditions.h"; sourceTree = "<group>"; };
		28CEA7D40A5FCFBE0085ADA2 /* NSCalendarDate+INTAdditions.m */ = {isa = PBXFileReference; fileEncoding = 4; lastKnownFileType = sourcecode.c.objc; path = "NSCalendarDate+INTAdditions.m"; sourceTree = "<group>"; };
		28E65A2E0A5A926B00DE0C5A /* INTAppController.h */ = {isa = PBXFileReference; fileEncoding = 4; lastKnownFileType = sourcecode.c.h; path = INTAppController.h; sourceTree = "<group>"; };
		28E65A2F0A5A926B00DE0C5A /* INTAppController.m */ = {isa = PBXFileReference; fileEncoding = 4; lastKnownFileType = sourcecode.c.objc; path = INTAppController.m; sourceTree = "<group>"; };
		28E65A350A5A926B00DE0C5A /* Introspectare Prefix.pch */ = {isa = PBXFileReference; fileEncoding = 4; lastKnownFileType = sourcecode.c.h; path = "Introspectare Prefix.pch"; sourceTree = "<group>"; };
		28E65A360A5A926B00DE0C5A /* main.m */ = {isa = PBXFileReference; fileEncoding = 4; lastKnownFileType = sourcecode.c.objc; path = main.m; sourceTree = "<group>"; };
		28E65A390A5A926B00DE0C5A /* en */ = {isa = PBXFileReference; fileEncoding = 10; lastKnownFileType = text.plist.strings; name = en; path = en.lproj/InfoPlist.strings; sourceTree = "<group>"; };
		28E65A3B0A5A926B00DE0C5A /* en */ = {isa = PBXFileReference; lastKnownFileType = wrapper.nib; name = en; path = en.lproj/MainMenu.nib; sourceTree = "<group>"; };
		28E65A3C0A5A926B00DE0C5A /* Info.plist */ = {isa = PBXFileReference; fileEncoding = 4; lastKnownFileType = text.xml; path = Info.plist; sourceTree = "<group>"; };
		28E65A4F0A5A930500DE0C5A /* 10_4 Shared.xcconfig */ = {isa = PBXFileReference; fileEncoding = 4; lastKnownFileType = text.xcconfig; path = "10_4 Shared.xcconfig"; sourceTree = "<group>"; };
		28E65A500A5A930500DE0C5A /* Cocoa Application Debug.xcconfig */ = {isa = PBXFileReference; fileEncoding = 4; lastKnownFileType = text.xcconfig; path = "Cocoa Application Debug.xcconfig"; sourceTree = "<group>"; };
		28E65A510A5A930500DE0C5A /* Cocoa Application Release.xcconfig */ = {isa = PBXFileReference; fileEncoding = 4; lastKnownFileType = text.xcconfig; path = "Cocoa Application Release.xcconfig"; sourceTree = "<group>"; };
		28E65A520A5A930500DE0C5A /* Cocoa Application Shared.xcconfig */ = {isa = PBXFileReference; fileEncoding = 4; lastKnownFileType = text.xcconfig; path = "Cocoa Application Shared.xcconfig"; sourceTree = "<group>"; };
		28E65A530A5A930500DE0C5A /* Cocoa Test Suite Code Coverage.xcconfig */ = {isa = PBXFileReference; fileEncoding = 4; lastKnownFileType = text.xcconfig; path = "Cocoa Test Suite Code Coverage.xcconfig"; sourceTree = "<group>"; };
		28E65A540A5A930500DE0C5A /* Cocoa Test Suite Unit Tests.xcconfig */ = {isa = PBXFileReference; fileEncoding = 4; lastKnownFileType = text.xcconfig; path = "Cocoa Test Suite Unit Tests.xcconfig"; sourceTree = "<group>"; };
		28E65A550A5A930500DE0C5A /* Cocoa Test Suite.xcconfig */ = {isa = PBXFileReference; fileEncoding = 4; lastKnownFileType = text.xcconfig; path = "Cocoa Test Suite.xcconfig"; sourceTree = "<group>"; };
		28E65A560A5A930500DE0C5A /* Debug.xcconfig */ = {isa = PBXFileReference; fileEncoding = 4; lastKnownFileType = text.xcconfig; path = Debug.xcconfig; sourceTree = "<group>"; };
		28E65A570A5A930500DE0C5A /* Metadata Importer Debug.xcconfig */ = {isa = PBXFileReference; fileEncoding = 4; lastKnownFileType = text.xcconfig; path = "Metadata Importer Debug.xcconfig"; sourceTree = "<group>"; };
		28E65A580A5A930500DE0C5A /* Metadata Importer Release.xcconfig */ = {isa = PBXFileReference; fileEncoding = 4; lastKnownFileType = text.xcconfig; path = "Metadata Importer Release.xcconfig"; sourceTree = "<group>"; };
		28E65A590A5A930500DE0C5A /* Metadata Importer Shared.xcconfig */ = {isa = PBXFileReference; fileEncoding = 4; lastKnownFileType = text.xcconfig; path = "Metadata Importer Shared.xcconfig"; sourceTree = "<group>"; };
		28E65A5A0A5A930500DE0C5A /* Release.xcconfig */ = {isa = PBXFileReference; fileEncoding = 4; lastKnownFileType = text.xcconfig; path = Release.xcconfig; sourceTree = "<group>"; };
		28E65A5B0A5A930500DE0C5A /* SIMBL Plug-in Shared.xcconfig */ = {isa = PBXFileReference; fileEncoding = 4; lastKnownFileType = text.xcconfig; path = "SIMBL Plug-in Shared.xcconfig"; sourceTree = "<group>"; };
		29B97324FDCFA39411CA2CEA /* AppKit.framework */ = {isa = PBXFileReference; lastKnownFileType = wrapper.framework; name = AppKit.framework; path = /System/Library/Frameworks/AppKit.framework; sourceTree = "<absolute>"; };
		29B97325FDCFA39411CA2CEA /* Foundation.framework */ = {isa = PBXFileReference; lastKnownFileType = wrapper.framework; name = Foundation.framework; path = /System/Library/Frameworks/Foundation.framework; sourceTree = "<absolute>"; };
		77C82804067257F0000B614F /* CoreData.framework */ = {isa = PBXFileReference; lastKnownFileType = wrapper.framework; name = CoreData.framework; path = /System/Library/Frameworks/CoreData.framework; sourceTree = "<absolute>"; };
		8D1107320486CEB800E47090 /* Introspectare.app */ = {isa = PBXFileReference; explicitFileType = wrapper.application; includeInIndex = 0; path = Introspectare.app; sourceTree = BUILT_PRODUCTS_DIR; };
/* End PBXFileReference section */

/* Begin PBXFrameworksBuildPhase section */
		8D11072E0486CEB800E47090 /* Frameworks */ = {
			isa = PBXFrameworksBuildPhase;
			buildActionMask = 2147483647;
			files = (
				8D11072F0486CEB800E47090 /* Cocoa.framework in Frameworks */,
			);
			runOnlyForDeploymentPostprocessing = 0;
		};
/* End PBXFrameworksBuildPhase section */

/* Begin PBXGroup section */
		19C28FACFE9D520D11CA2CBB /* Products */ = {
			isa = PBXGroup;
			children = (
				8D1107320486CEB800E47090 /* Introspectare.app */,
			);
			name = Products;
			sourceTree = "<group>";
		};
		28E65A2C0A5A926B00DE0C5A /* Classes */ = {
			isa = PBXGroup;
			children = (
				28E65A300A5A926B00DE0C5A /* Model */,
				28E65A2D0A5A926B00DE0C5A /* Controller */,
				28E65A310A5A926B00DE0C5A /* View */,
			);
			path = Classes;
			sourceTree = "<group>";
		};
		28E65A2D0A5A926B00DE0C5A /* Controller */ = {
			isa = PBXGroup;
			children = (
				28E65A2E0A5A926B00DE0C5A /* INTAppController.h */,
				28E65A2F0A5A926B00DE0C5A /* INTAppController.m */,
				2801827A0A5FBAC9007288D3 /* INTEntriesController.h */,
				2801827B0A5FBAC9007288D3 /* INTEntriesController.m */,
				282E91390A5C1002008EDF1F /* INTConstitutionsController.h */,
				282E913A0A5C1002008EDF1F /* INTConstitutionsController.m */,
				282E91E50A5C1ABD008EDF1F /* INTPrincipleLibraryController.h */,
				282E91E60A5C1ABD008EDF1F /* INTPrincipleLibraryController.m */,
				282DD9B70A7397D3009E2AFB /* INTInspectorController.h */,
				282DD9B80A7397D3009E2AFB /* INTInspectorController.m */,
			);
			path = Controller;
			sourceTree = "<group>";
		};
		28E65A300A5A926B00DE0C5A /* Model */ = {
			isa = PBXGroup;
			children = (
				280082150A5E9ADF00A5D67E /* INTLibrary.h */,
				280082160A5E9ADF00A5D67E /* INTLibrary.m */,
				2800823F0A5EA11F00A5D67E /* INTEntry.h */,
				280082400A5EA11F00A5D67E /* INTEntry.m */,
				282E92FA0A5E5806008EDF1F /* INTPrinciple.h */,
				282E92FB0A5E5806008EDF1F /* INTPrinciple.m */,
				280083A40A5ECA1300A5D67E /* INTAnnotatedPrinciple.h */,
				280083A50A5ECA1300A5D67E /* INTAnnotatedPrinciple.m */,
				280081F70A5E948800A5D67E /* INTConstitution.h */,
				280081F80A5E948800A5D67E /* INTConstitution.m */,
				282DDA2B0A73A79D009E2AFB /* INTActiveControlEnumerator.h */,
				282DDA2C0A73A79D009E2AFB /* INTActiveControlEnumerator.m */,
			);
			path = Model;
			sourceTree = "<group>";
		};
		28E65A310A5A926B00DE0C5A /* View */ = {
			isa = PBXGroup;
			children = (
			);
			path = View;
			sourceTree = "<group>";
		};
		28E65A340A5A926B00DE0C5A /* Other Sources */ = {
			isa = PBXGroup;
			children = (
				28E65A350A5A926B00DE0C5A /* Introspectare Prefix.pch */,
				28E65A360A5A926B00DE0C5A /* main.m */,
				280082BB0A5EB4DB00A5D67E /* INTShared.h */,
				280082BC0A5EB4DB00A5D67E /* INTShared.m */,
				28CEA7D30A5FCFBE0085ADA2 /* NSCalendarDate+INTAdditions.h */,
				28CEA7D40A5FCFBE0085ADA2 /* NSCalendarDate+INTAdditions.m */,
			);
			path = "Other Sources";
			sourceTree = "<group>";
		};
		28E65A370A5A926B00DE0C5A /* Resources */ = {
			isa = PBXGroup;
			children = (
				28E65A3C0A5A926B00DE0C5A /* Info.plist */,
				282E917F0A5C169F008EDF1F /* Localizable.strings */,
				28E65A380A5A926B00DE0C5A /* InfoPlist.strings */,
				28E65A3A0A5A926B00DE0C5A /* MainMenu.nib */,
				280182480A5FB656007288D3 /* Entries.nib */,
				28BFA0CE0A5AD4510075D416 /* Constitutions.nib */,
				282E91E20A5C1A93008EDF1F /* PrincipleLibrary.nib */,
				282DD9D20A7398CA009E2AFB /* Inspector.nib */,
				287031410A61607000A7F5A7 /* Introspectare.icns */,
			);
			path = Resources;
			sourceTree = "<group>";
		};
		28E65A4E0A5A930500DE0C5A /* Common Build Configurations */ = {
			isa = PBXGroup;
			children = (
				28E65A4F0A5A930500DE0C5A /* 10_4 Shared.xcconfig */,
				28E65A560A5A930500DE0C5A /* Debug.xcconfig */,
				28E65A5A0A5A930500DE0C5A /* Release.xcconfig */,
				28E65A520A5A930500DE0C5A /* Cocoa Application Shared.xcconfig */,
				28E65A500A5A930500DE0C5A /* Cocoa Application Debug.xcconfig */,
				28E65A510A5A930500DE0C5A /* Cocoa Application Release.xcconfig */,
				28E65A550A5A930500DE0C5A /* Cocoa Test Suite.xcconfig */,
				28E65A540A5A930500DE0C5A /* Cocoa Test Suite Unit Tests.xcconfig */,
				28E65A530A5A930500DE0C5A /* Cocoa Test Suite Code Coverage.xcconfig */,
				28E65A590A5A930500DE0C5A /* Metadata Importer Shared.xcconfig */,
				28E65A570A5A930500DE0C5A /* Metadata Importer Debug.xcconfig */,
				28E65A580A5A930500DE0C5A /* Metadata Importer Release.xcconfig */,
				28E65A5B0A5A930500DE0C5A /* SIMBL Plug-in Shared.xcconfig */,
			);
			path = "Common Build Configurations";
			sourceTree = "<group>";
		};
		29B97314FDCFA39411CA2CEA /* Introspectare */ = {
			isa = PBXGroup;
			children = (
				28BFA0B40A5AB5860075D416 /* Design Notes.otl */,
				28E65A4E0A5A930500DE0C5A /* Common Build Configurations */,
				28E65A2C0A5A926B00DE0C5A /* Classes */,
				28E65A340A5A926B00DE0C5A /* Other Sources */,
				28E65A370A5A926B00DE0C5A /* Resources */,
				287031490A616EC500A7F5A7 /* Icons */,
				29B97323FDCFA39411CA2CEA /* Frameworks */,
				19C28FACFE9D520D11CA2CBB /* Products */,
			);
			name = Introspectare;
			sourceTree = "<group>";
		};
		29B97323FDCFA39411CA2CEA /* Frameworks */ = {
			isa = PBXGroup;
			children = (
				1058C7A1FEA54F0111CA2CBB /* Cocoa.framework */,
				77C82804067257F0000B614F /* CoreData.framework */,
				29B97325FDCFA39411CA2CEA /* Foundation.framework */,
				29B97324FDCFA39411CA2CEA /* AppKit.framework */,
			);
			name = Frameworks;
			sourceTree = "<group>";
		};
/* End PBXGroup section */

/* Begin PBXNativeTarget section */
		8D1107260486CEB800E47090 /* Introspectare */ = {
			isa = PBXNativeTarget;
			buildConfigurationList = 26FC0A840875C7B200E6366F /* Build configuration list for PBXNativeTarget "Introspectare" */;
			buildPhases = (
				8D1107290486CEB800E47090 /* Resources */,
				8D11072C0486CEB800E47090 /* Sources */,
				8D11072E0486CEB800E47090 /* Frameworks */,
			);
			buildRules = (
			);
			dependencies = (
			);
			name = Introspectare;
			productInstallPath = "$(HOME)/Applications";
			productName = Introspectare;
			productReference = 8D1107320486CEB800E47090 /* Introspectare.app */;
			productType = "com.apple.product-type.application";
		};
/* End PBXNativeTarget section */

/* Begin PBXProject section */
		29B97313FDCFA39411CA2CEA /* Project object */ = {
			isa = PBXProject;
			buildConfigurationList = 26FC0A880875C7B200E6366F /* Build configuration list for PBXProject "Introspectare" */;
			hasScannedForEncodings = 1;
			knownRegions = (
				English,
				Japanese,
				French,
				German,
				en,
			);
			mainGroup = 29B97314FDCFA39411CA2CEA /* Introspectare */;
			projectDirPath = "";
			targets = (
				8D1107260486CEB800E47090 /* Introspectare */,
			);
		};
/* End PBXProject section */

/* Begin PBXResourcesBuildPhase section */
		8D1107290486CEB800E47090 /* Resources */ = {
			isa = PBXResourcesBuildPhase;
			buildActionMask = 2147483647;
			files = (
				28E65A400A5A926B00DE0C5A /* InfoPlist.strings in Resources */,
				28E65A5E0A5A931E00DE0C5A /* MainMenu.nib in Resources */,
				28BFA0D00A5AD4510075D416 /* Constitutions.nib in Resources */,
				282E91810A5C169F008EDF1F /* Localizable.strings in Resources */,
				282E91E40A5C1A93008EDF1F /* PrincipleLibrary.nib in Resources */,
				2801824A0A5FB656007288D3 /* Entries.nib in Resources */,
				287031420A61607000A7F5A7 /* Introspectare.icns in Resources */,
				282DD9D40A7398CA009E2AFB /* Inspector.nib in Resources */,
			);
			runOnlyForDeploymentPostprocessing = 0;
		};
/* End PBXResourcesBuildPhase section */

/* Begin PBXSourcesBuildPhase section */
		8D11072C0486CEB800E47090 /* Sources */ = {
			isa = PBXSourcesBuildPhase;
			buildActionMask = 2147483647;
			files = (
				28E65A3F0A5A926B00DE0C5A /* main.m in Sources */,
				28E65AA90A5A975500DE0C5A /* INTAppController.m in Sources */,
				282E913B0A5C1002008EDF1F /* INTConstitutionsController.m in Sources */,
				282E91E70A5C1ABD008EDF1F /* INTPrincipleLibraryController.m in Sources */,
				282E92FC0A5E5806008EDF1F /* INTPrinciple.m in Sources */,
				280081F90A5E948800A5D67E /* INTConstitution.m in Sources */,
				280082170A5E9ADF00A5D67E /* INTLibrary.m in Sources */,
				280082410A5EA11F00A5D67E /* INTEntry.m in Sources */,
				280082BD0A5EB4DB00A5D67E /* INTShared.m in Sources */,
				280083A60A5ECA1300A5D67E /* INTAnnotatedPrinciple.m in Sources */,
				2801827C0A5FBAC9007288D3 /* INTEntriesController.m in Sources */,
				28CEA7D50A5FCFBE0085ADA2 /* NSCalendarDate+INTAdditions.m in Sources */,
				282DD9B90A7397D3009E2AFB /* INTInspectorController.m in Sources */,
				282DDA2D0A73A79D009E2AFB /* INTActiveControlEnumerator.m in Sources */,
			);
			runOnlyForDeploymentPostprocessing = 0;
		};
/* End PBXSourcesBuildPhase section */

/* Begin PBXVariantGroup section */
		280182480A5FB656007288D3 /* Entries.nib */ = {
			isa = PBXVariantGroup;
			children = (
				280182490A5FB656007288D3 /* en */,
			);
			name = Entries.nib;
			sourceTree = "<group>";
		};
		282DD9D20A7398CA009E2AFB /* Inspector.nib */ = {
			isa = PBXVariantGroup;
			children = (
				282DD9D30A7398CA009E2AFB /* en */,
			);
			name = Inspector.nib;
			sourceTree = "<group>";
		};
		282E917F0A5C169F008EDF1F /* Localizable.strings */ = {
			isa = PBXVariantGroup;
			children = (
				282E91800A5C169F008EDF1F /* en */,
			);
			name = Localizable.strings;
			sourceTree = "<group>";
		};
		282E91E20A5C1A93008EDF1F /* PrincipleLibrary.nib */ = {
			isa = PBXVariantGroup;
			children = (
				282E91E30A5C1A93008EDF1F /* en */,
			);
			name = PrincipleLibrary.nib;
			sourceTree = "<group>";
		};
		28BFA0CE0A5AD4510075D416 /* Constitutions.nib */ = {
			isa = PBXVariantGroup;
			children = (
				28BFA0CF0A5AD4510075D416 /* en */,
			);
			name = Constitutions.nib;
			sourceTree = "<group>";
		};
		28E65A380A5A926B00DE0C5A /* InfoPlist.strings */ = {
			isa = PBXVariantGroup;
			children = (
				28E65A390A5A926B00DE0C5A /* en */,
			);
			name = InfoPlist.strings;
			sourceTree = "<group>";
		};
		28E65A3A0A5A926B00DE0C5A /* MainMenu.nib */ = {
			isa = PBXVariantGroup;
			children = (
				28E65A3B0A5A926B00DE0C5A /* en */,
			);
			name = MainMenu.nib;
			sourceTree = "<group>";
		};
/* End PBXVariantGroup section */

/* Begin XCBuildConfiguration section */
		26FC0A850875C7B200E6366F /* Debug */ = {
			isa = XCBuildConfiguration;
			baseConfigurationReference = 28E65A500A5A930500DE0C5A /* Cocoa Application Debug.xcconfig */;
			buildSettings = {
				GCC_PREFIX_HEADER = "Other Sources/Introspectare Prefix.pch";
				INFOPLIST_FILE = Resources/Info.plist;
				PRODUCT_NAME = Introspectare;
			};
			name = Debug;
		};
		26FC0A860875C7B200E6366F /* Release */ = {
			isa = XCBuildConfiguration;
			baseConfigurationReference = 28E65A510A5A930500DE0C5A /* Cocoa Application Release.xcconfig */;
			buildSettings = {
				GCC_PREFIX_HEADER = "Other Sources/Introspectare Prefix.pch";
				INFOPLIST_FILE = Resources/Info.plist;
				PRODUCT_NAME = Introspectare;
			};
			name = Release;
		};
		26FC0A890875C7B200E6366F /* Debug */ = {
			isa = XCBuildConfiguration;
			baseConfigurationReference = 28E65A560A5A930500DE0C5A /* Debug.xcconfig */;
			buildSettings = {
				CURRENT_MARKETING_VERSION = 1.0;
				CURRENT_PROJECT_VERSION = 4;
				SDKROOT = /Developer/SDKs/MacOSX10.4u.sdk;
			};
			name = Debug;
		};
		26FC0A8A0875C7B200E6366F /* Release */ = {
			isa = XCBuildConfiguration;
			baseConfigurationReference = 28E65A5A0A5A930500DE0C5A /* Release.xcconfig */;
			buildSettings = {
				CURRENT_MARKETING_VERSION = 1.0;
				CURRENT_PROJECT_VERSION = 4;
				SDKROOT = /Developer/SDKs/MacOSX10.4u.sdk;
			};
			name = Release;
		};
/* End XCBuildConfiguration section */

/* Begin XCConfigurationList section */
		26FC0A840875C7B200E6366F /* Build configuration list for PBXNativeTarget "Introspectare" */ = {
			isa = XCConfigurationList;
			buildConfigurations = (
				26FC0A850875C7B200E6366F /* Debug */,
				26FC0A860875C7B200E6366F /* Release */,
			);
			defaultConfigurationIsVisible = 0;
			defaultConfigurationName = Debug;
		};
		26FC0A880875C7B200E6366F /* Build configuration list for PBXProject "Introspectare" */ = {
			isa = XCConfigurationList;
			buildConfigurations = (
				26FC0A890875C7B200E6366F /* Debug */,
				26FC0A8A0875C7B200E6366F /* Release */,
			);
			defaultConfigurationIsVisible = 0;
			defaultConfigurationName = Debug;
		};
/* End XCConfigurationList section */
	};
	rootObject = 29B97313FDCFA39411CA2CEA /* Project object */;
}
